// !$*UTF8*$!
{
	archiveVersion = 1;
	classes = {
	};
	objectVersion = 55;
	objects = {

/* Begin PBXBuildFile section */
		BDCF734A2892FA2C00BFA1D8 /* AppDelegate.swift in Sources */ = {isa = PBXBuildFile; fileRef = BDCF73492892FA2C00BFA1D8 /* AppDelegate.swift */; };
		BDCF734C2892FA2C00BFA1D8 /* SceneDelegate.swift in Sources */ = {isa = PBXBuildFile; fileRef = BDCF734B2892FA2C00BFA1D8 /* SceneDelegate.swift */; };
		BDCF734E2892FA2C00BFA1D8 /* ViewController.swift in Sources */ = {isa = PBXBuildFile; fileRef = BDCF734D2892FA2C00BFA1D8 /* ViewController.swift */; };
		BDCF73512892FA2C00BFA1D8 /* Main.storyboard in Resources */ = {isa = PBXBuildFile; fileRef = BDCF734F2892FA2C00BFA1D8 /* Main.storyboard */; };
		BDCF73542892FA2D00BFA1D8 /* UserInyerface.xcdatamodeld in Sources */ = {isa = PBXBuildFile; fileRef = BDCF73522892FA2D00BFA1D8 /* UserInyerface.xcdatamodeld */; };
		BDCF73562892FA2F00BFA1D8 /* Assets.xcassets in Resources */ = {isa = PBXBuildFile; fileRef = BDCF73552892FA2F00BFA1D8 /* Assets.xcassets */; };
		BDCF73592892FA2F00BFA1D8 /* LaunchScreen.storyboard in Resources */ = {isa = PBXBuildFile; fileRef = BDCF73572892FA2F00BFA1D8 /* LaunchScreen.storyboard */; };
		BDCF7361289311D200BFA1D8 /* Extensions.swift in Sources */ = {isa = PBXBuildFile; fileRef = BDCF7360289311D200BFA1D8 /* Extensions.swift */; };
		BDCF73632893135B00BFA1D8 /* YouWinViewController.swift in Sources */ = {isa = PBXBuildFile; fileRef = BDCF73622893135A00BFA1D8 /* YouWinViewController.swift */; };
		BDCF73652893158500BFA1D8 /* GlobalVariables.swift in Sources */ = {isa = PBXBuildFile; fileRef = BDCF73642893158500BFA1D8 /* GlobalVariables.swift */; };
		BDCF736728931C4000BFA1D8 /* carlton-dancing.gif in Resources */ = {isa = PBXBuildFile; fileRef = BDCF736628931C4000BFA1D8 /* carlton-dancing.gif */; };
		BDCF736928932B8800BFA1D8 /* SignUpViewController.swift in Sources */ = {isa = PBXBuildFile; fileRef = BDCF736828932B8800BFA1D8 /* SignUpViewController.swift */; };
		BDCF736B28934AC300BFA1D8 /* TermsAndConditionsViewController.swift in Sources */ = {isa = PBXBuildFile; fileRef = BDCF736A28934AC300BFA1D8 /* TermsAndConditionsViewController.swift */; };
		BDCF736D28935C8400BFA1D8 /* AlertViewController.swift in Sources */ = {isa = PBXBuildFile; fileRef = BDCF736C28935C8400BFA1D8 /* AlertViewController.swift */; };
/* End PBXBuildFile section */

/* Begin PBXFileReference section */
		BDCF73462892FA2C00BFA1D8 /* UserInyerface.app */ = {isa = PBXFileReference; explicitFileType = wrapper.application; includeInIndex = 0; path = UserInyerface.app; sourceTree = BUILT_PRODUCTS_DIR; };
		BDCF73492892FA2C00BFA1D8 /* AppDelegate.swift */ = {isa = PBXFileReference; lastKnownFileType = sourcecode.swift; path = AppDelegate.swift; sourceTree = "<group>"; };
		BDCF734B2892FA2C00BFA1D8 /* SceneDelegate.swift */ = {isa = PBXFileReference; lastKnownFileType = sourcecode.swift; path = SceneDelegate.swift; sourceTree = "<group>"; };
		BDCF734D2892FA2C00BFA1D8 /* ViewController.swift */ = {isa = PBXFileReference; lastKnownFileType = sourcecode.swift; path = ViewController.swift; sourceTree = "<group>"; };
		BDCF73502892FA2C00BFA1D8 /* Base */ = {isa = PBXFileReference; lastKnownFileType = file.storyboard; name = Base; path = Base.lproj/Main.storyboard; sourceTree = "<group>"; };
		BDCF73532892FA2D00BFA1D8 /* UserInyerface.xcdatamodel */ = {isa = PBXFileReference; lastKnownFileType = wrapper.xcdatamodel; path = UserInyerface.xcdatamodel; sourceTree = "<group>"; };
		BDCF73552892FA2F00BFA1D8 /* Assets.xcassets */ = {isa = PBXFileReference; lastKnownFileType = folder.assetcatalog; path = Assets.xcassets; sourceTree = "<group>"; };
		BDCF73582892FA2F00BFA1D8 /* Base */ = {isa = PBXFileReference; lastKnownFileType = file.storyboard; name = Base; path = Base.lproj/LaunchScreen.storyboard; sourceTree = "<group>"; };
		BDCF735A2892FA2F00BFA1D8 /* Info.plist */ = {isa = PBXFileReference; lastKnownFileType = text.plist.xml; path = Info.plist; sourceTree = "<group>"; };
		BDCF7360289311D200BFA1D8 /* Extensions.swift */ = {isa = PBXFileReference; lastKnownFileType = sourcecode.swift; path = Extensions.swift; sourceTree = "<group>"; };
		BDCF73622893135A00BFA1D8 /* YouWinViewController.swift */ = {isa = PBXFileReference; lastKnownFileType = sourcecode.swift; path = YouWinViewController.swift; sourceTree = "<group>"; };
		BDCF73642893158500BFA1D8 /* GlobalVariables.swift */ = {isa = PBXFileReference; lastKnownFileType = sourcecode.swift; path = GlobalVariables.swift; sourceTree = "<group>"; };
		BDCF736628931C4000BFA1D8 /* carlton-dancing.gif */ = {isa = PBXFileReference; lastKnownFileType = image.gif; path = "carlton-dancing.gif"; sourceTree = "<group>"; };
		BDCF736828932B8800BFA1D8 /* SignUpViewController.swift */ = {isa = PBXFileReference; lastKnownFileType = sourcecode.swift; path = SignUpViewController.swift; sourceTree = "<group>"; };
		BDCF736A28934AC300BFA1D8 /* TermsAndConditionsViewController.swift */ = {isa = PBXFileReference; lastKnownFileType = sourcecode.swift; path = TermsAndConditionsViewController.swift; sourceTree = "<group>"; };
		BDCF736C28935C8400BFA1D8 /* AlertViewController.swift */ = {isa = PBXFileReference; lastKnownFileType = sourcecode.swift; path = AlertViewController.swift; sourceTree = "<group>"; };
/* End PBXFileReference section */

/* Begin PBXFrameworksBuildPhase section */
		BDCF73432892FA2C00BFA1D8 /* Frameworks */ = {
			isa = PBXFrameworksBuildPhase;
			buildActionMask = 2147483647;
			files = (
			);
			runOnlyForDeploymentPostprocessing = 0;
		};
/* End PBXFrameworksBuildPhase section */

/* Begin PBXGroup section */
		BDCF733D2892FA2C00BFA1D8 = {
			isa = PBXGroup;
			children = (
				BDCF73482892FA2C00BFA1D8 /* UserInyerface */,
				BDCF73472892FA2C00BFA1D8 /* Products */,
			);
			sourceTree = "<group>";
		};
		BDCF73472892FA2C00BFA1D8 /* Products */ = {
			isa = PBXGroup;
			children = (
				BDCF73462892FA2C00BFA1D8 /* UserInyerface.app */,
			);
			name = Products;
			sourceTree = "<group>";
		};
		BDCF73482892FA2C00BFA1D8 /* UserInyerface */ = {
			isa = PBXGroup;
			children = (
				BDCF73492892FA2C00BFA1D8 /* AppDelegate.swift */,
				BDCF734B2892FA2C00BFA1D8 /* SceneDelegate.swift */,
				BDCF734D2892FA2C00BFA1D8 /* ViewController.swift */,
				BDCF73622893135A00BFA1D8 /* YouWinViewController.swift */,
				BDCF736C28935C8400BFA1D8 /* AlertViewController.swift */,
				BDCF736828932B8800BFA1D8 /* SignUpViewController.swift */,
				BDCF736A28934AC300BFA1D8 /* TermsAndConditionsViewController.swift */,
				BDCF73642893158500BFA1D8 /* GlobalVariables.swift */,
				BDCF7360289311D200BFA1D8 /* Extensions.swift */,
				BDCF734F2892FA2C00BFA1D8 /* Main.storyboard */,
				BDCF73552892FA2F00BFA1D8 /* Assets.xcassets */,
				BDCF736628931C4000BFA1D8 /* carlton-dancing.gif */,
				BDCF73572892FA2F00BFA1D8 /* LaunchScreen.storyboard */,
				BDCF735A2892FA2F00BFA1D8 /* Info.plist */,
				BDCF73522892FA2D00BFA1D8 /* UserInyerface.xcdatamodeld */,
			);
			path = UserInyerface;
			sourceTree = "<group>";
		};
/* End PBXGroup section */

/* Begin PBXNativeTarget section */
		BDCF73452892FA2C00BFA1D8 /* UserInyerface */ = {
			isa = PBXNativeTarget;
			buildConfigurationList = BDCF735D2892FA2F00BFA1D8 /* Build configuration list for PBXNativeTarget "UserInyerface" */;
			buildPhases = (
				BDCF73422892FA2C00BFA1D8 /* Sources */,
				BDCF73432892FA2C00BFA1D8 /* Frameworks */,
				BDCF73442892FA2C00BFA1D8 /* Resources */,
			);
			buildRules = (
			);
			dependencies = (
			);
			name = UserInyerface;
			productName = UserInyerface;
			productReference = BDCF73462892FA2C00BFA1D8 /* UserInyerface.app */;
			productType = "com.apple.product-type.application";
		};
/* End PBXNativeTarget section */

/* Begin PBXProject section */
		BDCF733E2892FA2C00BFA1D8 /* Project object */ = {
			isa = PBXProject;
			attributes = {
				BuildIndependentTargetsInParallel = 1;
				LastSwiftUpdateCheck = 1340;
				LastUpgradeCheck = 1340;
				TargetAttributes = {
					BDCF73452892FA2C00BFA1D8 = {
						CreatedOnToolsVersion = 13.4.1;
					};
				};
			};
			buildConfigurationList = BDCF73412892FA2C00BFA1D8 /* Build configuration list for PBXProject "UserInyerface" */;
			compatibilityVersion = "Xcode 13.0";
			developmentRegion = en;
			hasScannedForEncodings = 0;
			knownRegions = (
				en,
				Base,
			);
			mainGroup = BDCF733D2892FA2C00BFA1D8;
			productRefGroup = BDCF73472892FA2C00BFA1D8 /* Products */;
			projectDirPath = "";
			projectRoot = "";
			targets = (
				BDCF73452892FA2C00BFA1D8 /* UserInyerface */,
			);
		};
/* End PBXProject section */

/* Begin PBXResourcesBuildPhase section */
		BDCF73442892FA2C00BFA1D8 /* Resources */ = {
			isa = PBXResourcesBuildPhase;
			buildActionMask = 2147483647;
			files = (
				BDCF73592892FA2F00BFA1D8 /* LaunchScreen.storyboard in Resources */,
				BDCF73562892FA2F00BFA1D8 /* Assets.xcassets in Resources */,
				BDCF73512892FA2C00BFA1D8 /* Main.storyboard in Resources */,
				BDCF736728931C4000BFA1D8 /* carlton-dancing.gif in Resources */,
			);
			runOnlyForDeploymentPostprocessing = 0;
		};
/* End PBXResourcesBuildPhase section */

/* Begin PBXSourcesBuildPhase section */
		BDCF73422892FA2C00BFA1D8 /* Sources */ = {
			isa = PBXSourcesBuildPhase;
			buildActionMask = 2147483647;
			files = (
				BDCF7361289311D200BFA1D8 /* Extensions.swift in Sources */,
				BDCF734E2892FA2C00BFA1D8 /* ViewController.swift in Sources */,
				BDCF736928932B8800BFA1D8 /* SignUpViewController.swift in Sources */,
				BDCF736D28935C8400BFA1D8 /* AlertViewController.swift in Sources */,
				BDCF734A2892FA2C00BFA1D8 /* AppDelegate.swift in Sources */,
				BDCF734C2892FA2C00BFA1D8 /* SceneDelegate.swift in Sources */,
				BDCF736B28934AC300BFA1D8 /* TermsAndConditionsViewController.swift in Sources */,
				BDCF73652893158500BFA1D8 /* GlobalVariables.swift in Sources */,
				BDCF73542892FA2D00BFA1D8 /* UserInyerface.xcdatamodeld in Sources */,
				BDCF73632893135B00BFA1D8 /* YouWinViewController.swift in Sources */,
			);
			runOnlyForDeploymentPostprocessing = 0;
		};
/* End PBXSourcesBuildPhase section */

/* Begin PBXVariantGroup section */
		BDCF734F2892FA2C00BFA1D8 /* Main.storyboard */ = {
			isa = PBXVariantGroup;
			children = (
				BDCF73502892FA2C00BFA1D8 /* Base */,
			);
			name = Main.storyboard;
			sourceTree = "<group>";
		};
		BDCF73572892FA2F00BFA1D8 /* LaunchScreen.storyboard */ = {
			isa = PBXVariantGroup;
			children = (
				BDCF73582892FA2F00BFA1D8 /* Base */,
			);
			name = LaunchScreen.storyboard;
			sourceTree = "<group>";
		};
/* End PBXVariantGroup section */

/* Begin XCBuildConfiguration section */
		BDCF735B2892FA2F00BFA1D8 /* Debug */ = {
			isa = XCBuildConfiguration;
			buildSettings = {
				ALWAYS_SEARCH_USER_PATHS = NO;
				CLANG_ANALYZER_NONNULL = YES;
				CLANG_ANALYZER_NUMBER_OBJECT_CONVERSION = YES_AGGRESSIVE;
				CLANG_CXX_LANGUAGE_STANDARD = "gnu++17";
				CLANG_ENABLE_MODULES = YES;
				CLANG_ENABLE_OBJC_ARC = YES;
				CLANG_ENABLE_OBJC_WEAK = YES;
				CLANG_WARN_BLOCK_CAPTURE_AUTORELEASING = YES;
				CLANG_WARN_BOOL_CONVERSION = YES;
				CLANG_WARN_COMMA = YES;
				CLANG_WARN_CONSTANT_CONVERSION = YES;
				CLANG_WARN_DEPRECATED_OBJC_IMPLEMENTATIONS = YES;
				CLANG_WARN_DIRECT_OBJC_ISA_USAGE = YES_ERROR;
				CLANG_WARN_DOCUMENTATION_COMMENTS = YES;
				CLANG_WARN_EMPTY_BODY = YES;
				CLANG_WARN_ENUM_CONVERSION = YES;
				CLANG_WARN_INFINITE_RECURSION = YES;
				CLANG_WARN_INT_CONVERSION = YES;
				CLANG_WARN_NON_LITERAL_NULL_CONVERSION = YES;
				CLANG_WARN_OBJC_IMPLICIT_RETAIN_SELF = YES;
				CLANG_WARN_OBJC_LITERAL_CONVERSION = YES;
				CLANG_WARN_OBJC_ROOT_CLASS = YES_ERROR;
				CLANG_WARN_QUOTED_INCLUDE_IN_FRAMEWORK_HEADER = YES;
				CLANG_WARN_RANGE_LOOP_ANALYSIS = YES;
				CLANG_WARN_STRICT_PROTOTYPES = YES;
				CLANG_WARN_SUSPICIOUS_MOVE = YES;
				CLANG_WARN_UNGUARDED_AVAILABILITY = YES_AGGRESSIVE;
				CLANG_WARN_UNREACHABLE_CODE = YES;
				CLANG_WARN__DUPLICATE_METHOD_MATCH = YES;
				COPY_PHASE_STRIP = NO;
				DEBUG_INFORMATION_FORMAT = dwarf;
				ENABLE_STRICT_OBJC_MSGSEND = YES;
				ENABLE_TESTABILITY = YES;
				GCC_C_LANGUAGE_STANDARD = gnu11;
				GCC_DYNAMIC_NO_PIC = NO;
				GCC_NO_COMMON_BLOCKS = YES;
				GCC_OPTIMIZATION_LEVEL = 0;
				GCC_PREPROCESSOR_DEFINITIONS = (
					"DEBUG=1",
					"$(inherited)",
				);
				GCC_WARN_64_TO_32_BIT_CONVERSION = YES;
				GCC_WARN_ABOUT_RETURN_TYPE = YES_ERROR;
				GCC_WARN_UNDECLARED_SELECTOR = YES;
				GCC_WARN_UNINITIALIZED_AUTOS = YES_AGGRESSIVE;
				GCC_WARN_UNUSED_FUNCTION = YES;
				GCC_WARN_UNUSED_VARIABLE = YES;
				IPHONEOS_DEPLOYMENT_TARGET = 15.5;
				MTL_ENABLE_DEBUG_INFO = INCLUDE_SOURCE;
				MTL_FAST_MATH = YES;
				ONLY_ACTIVE_ARCH = YES;
				SDKROOT = iphoneos;
				SWIFT_ACTIVE_COMPILATION_CONDITIONS = DEBUG;
				SWIFT_OPTIMIZATION_LEVEL = "-Onone";
			};
			name = Debug;
		};
		BDCF735C2892FA2F00BFA1D8 /* Release */ = {
			isa = XCBuildConfiguration;
			buildSettings = {
				ALWAYS_SEARCH_USER_PATHS = NO;
				CLANG_ANALYZER_NONNULL = YES;
				CLANG_ANALYZER_NUMBER_OBJECT_CONVERSION = YES_AGGRESSIVE;
				CLANG_CXX_LANGUAGE_STANDARD = "gnu++17";
				CLANG_ENABLE_MODULES = YES;
				CLANG_ENABLE_OBJC_ARC = YES;
				CLANG_ENABLE_OBJC_WEAK = YES;
				CLANG_WARN_BLOCK_CAPTURE_AUTORELEASING = YES;
				CLANG_WARN_BOOL_CONVERSION = YES;
				CLANG_WARN_COMMA = YES;
				CLANG_WARN_CONSTANT_CONVERSION = YES;
				CLANG_WARN_DEPRECATED_OBJC_IMPLEMENTATIONS = YES;
				CLANG_WARN_DIRECT_OBJC_ISA_USAGE = YES_ERROR;
				CLANG_WARN_DOCUMENTATION_COMMENTS = YES;
				CLANG_WARN_EMPTY_BODY = YES;
				CLANG_WARN_ENUM_CONVERSION = YES;
				CLANG_WARN_INFINITE_RECURSION = YES;
				CLANG_WARN_INT_CONVERSION = YES;
				CLANG_WARN_NON_LITERAL_NULL_CONVERSION = YES;
				CLANG_WARN_OBJC_IMPLICIT_RETAIN_SELF = YES;
				CLANG_WARN_OBJC_LITERAL_CONVERSION = YES;
				CLANG_WARN_OBJC_ROOT_CLASS = YES_ERROR;
				CLANG_WARN_QUOTED_INCLUDE_IN_FRAMEWORK_HEADER = YES;
				CLANG_WARN_RANGE_LOOP_ANALYSIS = YES;
				CLANG_WARN_STRICT_PROTOTYPES = YES;
				CLANG_WARN_SUSPICIOUS_MOVE = YES;
				CLANG_WARN_UNGUARDED_AVAILABILITY = YES_AGGRESSIVE;
				CLANG_WARN_UNREACHABLE_CODE = YES;
				CLANG_WARN__DUPLICATE_METHOD_MATCH = YES;
				COPY_PHASE_STRIP = NO;
				DEBUG_INFORMATION_FORMAT = "dwarf-with-dsym";
				ENABLE_NS_ASSERTIONS = NO;
				ENABLE_STRICT_OBJC_MSGSEND = YES;
				GCC_C_LANGUAGE_STANDARD = gnu11;
				GCC_NO_COMMON_BLOCKS = YES;
				GCC_WARN_64_TO_32_BIT_CONVERSION = YES;
				GCC_WARN_ABOUT_RETURN_TYPE = YES_ERROR;
				GCC_WARN_UNDECLARED_SELECTOR = YES;
				GCC_WARN_UNINITIALIZED_AUTOS = YES_AGGRESSIVE;
				GCC_WARN_UNUSED_FUNCTION = YES;
				GCC_WARN_UNUSED_VARIABLE = YES;
				IPHONEOS_DEPLOYMENT_TARGET = 15.5;
				MTL_ENABLE_DEBUG_INFO = NO;
				MTL_FAST_MATH = YES;
				SDKROOT = iphoneos;
				SWIFT_COMPILATION_MODE = wholemodule;
				SWIFT_OPTIMIZATION_LEVEL = "-O";
				VALIDATE_PRODUCT = YES;
			};
			name = Release;
		};
		BDCF735E2892FA2F00BFA1D8 /* Debug */ = {
			isa = XCBuildConfiguration;
			buildSettings = {
				ASSETCATALOG_COMPILER_APPICON_NAME = AppIcon;
				ASSETCATALOG_COMPILER_GLOBAL_ACCENT_COLOR_NAME = AccentColor;
				CODE_SIGN_STYLE = Automatic;
				CURRENT_PROJECT_VERSION = 1;
				GENERATE_INFOPLIST_FILE = YES;
				INFOPLIST_FILE = UserInyerface/Info.plist;
				INFOPLIST_KEY_UIApplicationSupportsIndirectInputEvents = YES;
				INFOPLIST_KEY_UILaunchStoryboardName = LaunchScreen;
				INFOPLIST_KEY_UIMainStoryboardFile = Main;
				INFOPLIST_KEY_UISupportedInterfaceOrientations_iPad = "UIInterfaceOrientationPortrait UIInterfaceOrientationPortraitUpsideDown UIInterfaceOrientationLandscapeLeft UIInterfaceOrientationLandscapeRight";
				INFOPLIST_KEY_UISupportedInterfaceOrientations_iPhone = "UIInterfaceOrientationPortrait UIInterfaceOrientationLandscapeLeft UIInterfaceOrientationLandscapeRight";
				LD_RUNPATH_SEARCH_PATHS = (
					"$(inherited)",
					"@executable_path/Frameworks",
				);
				MARKETING_VERSION = 1.0;
				PRODUCT_BUNDLE_IDENTIFIER = KWK.UserInyerface;
				PRODUCT_NAME = "$(TARGET_NAME)";
				SWIFT_EMIT_LOC_STRINGS = YES;
				SWIFT_VERSION = 5.0;
				TARGETED_DEVICE_FAMILY = "1,2";
			};
			name = Debug;
		};
		BDCF735F2892FA2F00BFA1D8 /* Release */ = {
			isa = XCBuildConfiguration;
			buildSettings = {
				ASSETCATALOG_COMPILER_APPICON_NAME = AppIcon;
				ASSETCATALOG_COMPILER_GLOBAL_ACCENT_COLOR_NAME = AccentColor;
				CODE_SIGN_STYLE = Automatic;
				CURRENT_PROJECT_VERSION = 1;
				GENERATE_INFOPLIST_FILE = YES;
				INFOPLIST_FILE = UserInyerface/Info.plist;
				INFOPLIST_KEY_UIApplicationSupportsIndirectInputEvents = YES;
				INFOPLIST_KEY_UILaunchStoryboardName = LaunchScreen;
				INFOPLIST_KEY_UIMainStoryboardFile = Main;
				INFOPLIST_KEY_UISupportedInterfaceOrientations_iPad = "UIInterfaceOrientationPortrait UIInterfaceOrientationPortraitUpsideDown UIInterfaceOrientationLandscapeLeft UIInterfaceOrientationLandscapeRight";
				INFOPLIST_KEY_UISupportedInterfaceOrientations_iPhone = "UIInterfaceOrientationPortrait UIInterfaceOrientationLandscapeLeft UIInterfaceOrientationLandscapeRight";
				LD_RUNPATH_SEARCH_PATHS = (
					"$(inherited)",
					"@executable_path/Frameworks",
				);
				MARKETING_VERSION = 1.0;
				PRODUCT_BUNDLE_IDENTIFIER = KWK.UserInyerface;
				PRODUCT_NAME = "$(TARGET_NAME)";
				SWIFT_EMIT_LOC_STRINGS = YES;
				SWIFT_VERSION = 5.0;
				TARGETED_DEVICE_FAMILY = "1,2";
			};
			name = Release;
		};
/* End XCBuildConfiguration section */

/* Begin XCConfigurationList section */
		BDCF73412892FA2C00BFA1D8 /* Build configuration list for PBXProject "UserInyerface" */ = {
			isa = XCConfigurationList;
			buildConfigurations = (
				BDCF735B2892FA2F00BFA1D8 /* Debug */,
				BDCF735C2892FA2F00BFA1D8 /* Release */,
			);
			defaultConfigurationIsVisible = 0;
			defaultConfigurationName = Release;
		};
		BDCF735D2892FA2F00BFA1D8 /* Build configuration list for PBXNativeTarget "UserInyerface" */ = {
			isa = XCConfigurationList;
			buildConfigurations = (
				BDCF735E2892FA2F00BFA1D8 /* Debug */,
				BDCF735F2892FA2F00BFA1D8 /* Release */,
			);
			defaultConfigurationIsVisible = 0;
			defaultConfigurationName = Release;
		};
/* End XCConfigurationList section */

/* Begin XCVersionGroup section */
		BDCF73522892FA2D00BFA1D8 /* UserInyerface.xcdatamodeld */ = {
			isa = XCVersionGroup;
			children = (
				BDCF73532892FA2D00BFA1D8 /* UserInyerface.xcdatamodel */,
			);
			currentVersion = BDCF73532892FA2D00BFA1D8 /* UserInyerface.xcdatamodel */;
			path = UserInyerface.xcdatamodeld;
			sourceTree = "<group>";
			versionGroupType = wrapper.xcdatamodel;
		};
/* End XCVersionGroup section */
	};
	rootObject = BDCF733E2892FA2C00BFA1D8 /* Project object */;
}
